
Microsoft Visual Studio Solution File, Format Version 12.00
# Visual Studio Version 17
VisualStudioVersion = 17.3.32819.101
MinimumVisualStudioVersion = 10.0.40219.1
Project("{FAE04EC0-301F-11D3-BF4B-00C04F79EFBC}") = "MVCOBL", "MVCOBL\MVCOBL.csproj", "{70CF7337-FAF6-4EB8-85EF-29DDC17A0E98}"
EndProject
Global
	GlobalSection(SolutionConfigurationPlatforms) = preSolution
		Debug|Any CPU = Debug|Any CPU
		Release|Any CPU = Release|Any CPU
	EndGlobalSection
	GlobalSection(ProjectConfigurationPlatforms) = postSolution
		{70CF7337-FAF6-4EB8-85EF-29DDC17A0E98}.Debug|Any CPU.ActiveCfg = Debug|Any CPU
		{70CF7337-FAF6-4EB8-85EF-29DDC17A0E98}.Debug|Any CPU.Build.0 = Debug|Any CPU
		{70CF7337-FAF6-4EB8-85EF-29DDC17A0E98}.Release|Any CPU.ActiveCfg = Release|Any CPU
		{70CF7337-FAF6-4EB8-85EF-29DDC17A0E98}.Release|Any CPU.Build.0 = Release|Any CPU
	EndGlobalSection
	GlobalSection(SolutionProperties) = preSolution
		HideSolutionNode = FALSE
	EndGlobalSection
	GlobalSection(ExtensibilityGlobals) = postSolution
		SolutionGuid = {8165697B-7A60-4338-AF7E-CC8EC3A7A357}
	EndGlobalSection
EndGlobal
